{
  "nodes": {
    "flake-utils": {
      "locked": {
        "lastModified": 1623875721,
        "narHash": "sha256-A8BU7bjS5GirpAUv4QA+QnJ4CceLHkcXdRp4xITDB0s=",
        "owner": "numtide",
        "repo": "flake-utils",
        "rev": "f7e004a55b120c02ecb6219596820fcd32ca8772",
        "type": "github"
      },
      "original": {
        "owner": "numtide",
        "repo": "flake-utils",
        "type": "github"
      }
    },
    "flake-utils_2": {
      "locked": {
        "lastModified": 1623875721,
        "narHash": "sha256-A8BU7bjS5GirpAUv4QA+QnJ4CceLHkcXdRp4xITDB0s=",
        "owner": "numtide",
        "repo": "flake-utils",
        "rev": "f7e004a55b120c02ecb6219596820fcd32ca8772",
        "type": "github"
      },
      "original": {
        "owner": "numtide",
        "repo": "flake-utils",
        "type": "github"
      }
    },
    "nixos-cn": {
      "inputs": {
        "flake-utils": "flake-utils_2",
        "nixpkgs": "nixpkgs"
      },
      "locked": {
        "lastModified": 1629076356,
        "narHash": "sha256-eJcJkxl0k9TQVA57bybHTS+rW5SpNaTm4mE5nmvCVEY=",
        "owner": "nixos-cn",
        "repo": "flakes",
        "rev": "4928bdb140af55bea4be047937d5fb4e2e473c76",
        "type": "github"
      },
      "original": {
        "owner": "nixos-cn",
        "repo": "flakes",
        "type": "github"
      }
    },
    "nixpkgs": {
      "locked": {
        "lastModified": 1628869426,
        "narHash": "sha256-7OetQdzAnml3+0b3pmr+reBKs9jn54IvVxbsncWzBn0=",
        "owner": "NixOS",
        "repo": "nixpkgs",
        "rev": "6fc5211eddddc02c50ca7f98d6cc377726417fa9",
        "type": "github"
      },
      "original": {
        "owner": "NixOS",
        "ref": "nixos-unstable",
        "repo": "nixpkgs",
        "type": "github"
      }
    },
    "nixpkgs_2": {
      "locked": {
        "lastModified": 1629116532,
        "narHash": "sha256-ghSzaBkCW5wfXgpxu0s/CyA5bAzEUqujTQSw/+eOb70=",
        "owner": "NixOS",
        "repo": "nixpkgs",
        "rev": "98858b29e75d158107fa0a29583a99990662bd58",
        "type": "github"
      },
      "original": {
        "owner": "NixOS",
        "repo": "nixpkgs",
        "type": "github"
      }
    },
    "root": {
      "inputs": {
        "flake-utils": "flake-utils",
        "nixos-cn": "nixos-cn",
        "nixpkgs": "nixpkgs_2"
      }
    }
  },
  "root": "root",
  "version": 7
}
