{
  "nodes": {
    "flake-utils": {
      "locked": {
        "lastModified": 1623875721,
        "narHash": "sha256-A8BU7bjS5GirpAUv4QA+QnJ4CceLHkcXdRp4xITDB0s=",
        "owner": "numtide",
        "repo": "flake-utils",
        "rev": "f7e004a55b120c02ecb6219596820fcd32ca8772",
        "type": "github"
      },
      "original": {
        "owner": "numtide",
        "repo": "flake-utils",
        "type": "github"
      }
    },
    "flake-utils_2": {
      "locked": {
        "lastModified": 1623875721,
        "narHash": "sha256-A8BU7bjS5GirpAUv4QA+QnJ4CceLHkcXdRp4xITDB0s=",
        "owner": "numtide",
        "repo": "flake-utils",
        "rev": "f7e004a55b120c02ecb6219596820fcd32ca8772",
        "type": "github"
      },
      "original": {
        "owner": "numtide",
        "repo": "flake-utils",
        "type": "github"
      }
    },
    "nixos-cn": {
      "inputs": {
        "flake-utils": "flake-utils_2",
        "nixpkgs": "nixpkgs"
      },
      "locked": {
        "lastModified": 1626616054,
        "narHash": "sha256-BIKGqY7m7et8V414N0prgaMpM7NUd3FMeUNzonbuut4=",
        "owner": "nixos-cn",
        "repo": "flakes",
        "rev": "7618df87d1df3840918fb9904dd709f5e0b55faf",
        "type": "github"
      },
      "original": {
        "owner": "nixos-cn",
        "repo": "flakes",
        "type": "github"
      }
    },
    "nixpkgs": {
      "locked": {
        "lastModified": 1626464457,
        "narHash": "sha256-u2PCh/+8vQSLwf0mPpKHKQ8hAPB3l4uNZR3r0TdK2Lg=",
        "owner": "NixOS",
        "repo": "nixpkgs",
        "rev": "c6c4a3d45ab200f17805d2d86a1ff1cc7ca2b186",
        "type": "github"
      },
      "original": {
        "owner": "NixOS",
        "ref": "nixos-unstable",
        "repo": "nixpkgs",
        "type": "github"
      }
    },
    "nixpkgs_2": {
      "locked": {
        "lastModified": 1626611756,
        "narHash": "sha256-8WCMsLAx/ESp8Rk4SuYQaguMyXRhTw298fw9e1D7bMc=",
        "owner": "NixOS",
        "repo": "nixpkgs",
        "rev": "64c4e4bccebc056e0156ad7b822cdec87e29a87a",
        "type": "github"
      },
      "original": {
        "owner": "NixOS",
        "repo": "nixpkgs",
        "type": "github"
      }
    },
    "root": {
      "inputs": {
        "flake-utils": "flake-utils",
        "nixos-cn": "nixos-cn",
        "nixpkgs": "nixpkgs_2"
      }
    }
  },
  "root": "root",
  "version": 7
}
